
Microsoft Visual Studio Solution File, Format Version 12.00
# Visual Studio Version 17
VisualStudioVersion = 17.8.34525.116
MinimumVisualStudioVersion = 10.0.40219.1
Project("{FAE04EC0-301F-11D3-BF4B-00C04F79EFBC}") = "MyWebApiProject", "MyWebApiProject\MyWebApiProject.csproj", "{1DC946BE-0488-4175-A4E8-D56DDAC5ADF2}"
EndProject
Global
	GlobalSection(SolutionConfigurationPlatforms) = preSolution
		Debug|Any CPU = Debug|Any CPU
		Release|Any CPU = Release|Any CPU
	EndGlobalSection
	GlobalSection(ProjectConfigurationPlatforms) = postSolution
		{1DC946BE-0488-4175-A4E8-D56DDAC5ADF2}.Debug|Any CPU.ActiveCfg = Debug|Any CPU
		{1DC946BE-0488-4175-A4E8-D56DDAC5ADF2}.Debug|Any CPU.Build.0 = Debug|Any CPU
		{1DC946BE-0488-4175-A4E8-D56DDAC5ADF2}.Release|Any CPU.ActiveCfg = Release|Any CPU
		{1DC946BE-0488-4175-A4E8-D56DDAC5ADF2}.Release|Any CPU.Build.0 = Release|Any CPU
	EndGlobalSection
	GlobalSection(SolutionProperties) = preSolution
		HideSolutionNode = FALSE
	EndGlobalSection
	GlobalSection(ExtensibilityGlobals) = postSolution
		SolutionGuid = {1041796C-8855-472A-A4EB-7624E997C053}
	EndGlobalSection
EndGlobal
